<?xml version="1.0" encoding="utf-8"?>
<Project ToolsVersion="4.0" xmlns="http://schemas.microsoft.com/developer/msbuild/2003">
  <ItemGroup>
    <Filter Include="Header Files">
      <UniqueIdentifier>{93995380-89BD-4b04-88EB-625FBE52EBFB}</UniqueIdentifier>
      <Extensions>h;hh;hpp;hxx;hm;inl;inc;ipp;xsd</Extensions>
    </Filter>
    <Filter Include="ImGui">
      <UniqueIdentifier>{ac0d86ec-a3a3-4771-9758-c5a93427ec35}</UniqueIdentifier>
    </Filter>
    <Filter Include="Main">
      <UniqueIdentifier>{618b8d45-9fa3-440f-8e26-ad41d402fefd}</UniqueIdentifier>
    </Filter>
    <Filter Include="Utility">
      <UniqueIdentifier>{8a79efbb-d749-4e02-9e8d-4d85a16cb14e}</UniqueIdentifier>
    </Filter>
    <Filter Include="Classes">
      <UniqueIdentifier>{098066f6-eb92-487d-b02d-1ec4b3e58d56}</UniqueIdentifier>
    </Filter>
    <Filter Include="GuiMenu">
      <UniqueIdentifier>{3752195b-02d9-4673-9e8b-e628b480cc00}</UniqueIdentifier>
    </Filter>
  </ItemGroup>
  <ItemGroup>
    <ClInclude Include="pch.h">
      <Filter>Main</Filter>
    </ClInclude>
    <ClInclude Include="XorString.hpp">
      <Filter>Utility</Filter>
    </ClInclude>
    <ClInclude Include="framework.h">
      <Filter>Main</Filter>
    </ClInclude>
    <ClInclude Include="Enum.hpp">
      <Filter>Classes</Filter>
    </ClInclude>
    <ClInclude Include="Timer.hpp">
      <Filter>Utility</Filter>
    </ClInclude>
    <ClInclude Include="Classes.hpp">
      <Filter>Classes</Filter>
    </ClInclude>
    <ClInclude Include="Vector.hpp">
      <Filter>Classes</Filter>
    </ClInclude>
    <ClInclude Include="GuiMenu.hpp">
      <Filter>GuiMenu</Filter>
    </ClInclude>
    <ClInclude Include="DetourHook.hpp">
      <Filter>Utility</Filter>
    </ClInclude>
  </ItemGroup>
  <ItemGroup>
    <ClCompile Include="..\ImGui\imgui.cpp">
      <Filter>ImGui</Filter>
    </ClCompile>
    <ClCompile Include="..\ImGui\imgui_demo.cpp">
      <Filter>ImGui</Filter>
    </ClCompile>
    <ClCompile Include="..\ImGui\imgui_draw.cpp">
      <Filter>ImGui</Filter>
    </ClCompile>
    <ClCompile Include="..\ImGui\imgui_impl_dx9.cpp">
      <Filter>ImGui</Filter>
    </ClCompile>
    <ClCompile Include="..\ImGui\imgui_impl_win32.cpp">
      <Filter>ImGui</Filter>
    </ClCompile>
    <ClCompile Include="..\ImGui\imgui_widgets.cpp">
      <Filter>ImGui</Filter>
    </ClCompile>
    <ClCompile Include="pch.cpp">
      <Filter>Main</Filter>
    </ClCompile>
    <ClCompile Include="dllmain.cpp">
      <Filter>Main</Filter>
    </ClCompile>
    <ClCompile Include="GuiMenu.cpp">
      <Filter>GuiMenu</Filter>
    </ClCompile>
    <ClCompile Include="DetourHook.cpp">
      <Filter>Utility</Filter>
    </ClCompile>
  </ItemGroup>
</Project>